
Microsoft Visual Studio Solution File, Format Version 12.00
# Visual Studio Version 16
VisualStudioVersion = 16.0.32413.511
MinimumVisualStudioVersion = 10.0.40219.1
Project("{FAE04EC0-301F-11D3-BF4B-00C04F79EFBC}") = "Dependency_injection_core", "Dependency_injection_core\Dependency_injection_core.csproj", "{CDBEC014-8D20-4555-9D09-4556523564C4}"
EndProject
Global
	GlobalSection(SolutionConfigurationPlatforms) = preSolution
		Debug|Any CPU = Debug|Any CPU
		Release|Any CPU = Release|Any CPU
	EndGlobalSection
	GlobalSection(ProjectConfigurationPlatforms) = postSolution
		{CDBEC014-8D20-4555-9D09-4556523564C4}.Debug|Any CPU.ActiveCfg = Debug|Any CPU
		{CDBEC014-8D20-4555-9D09-4556523564C4}.Debug|Any CPU.Build.0 = Debug|Any CPU
		{CDBEC014-8D20-4555-9D09-4556523564C4}.Release|Any CPU.ActiveCfg = Release|Any CPU
		{CDBEC014-8D20-4555-9D09-4556523564C4}.Release|Any CPU.Build.0 = Release|Any CPU
	EndGlobalSection
	GlobalSection(SolutionProperties) = preSolution
		HideSolutionNode = FALSE
	EndGlobalSection
	GlobalSection(ExtensibilityGlobals) = postSolution
		SolutionGuid = {AF6016B1-B45E-4E47-AD03-11864ABE14DA}
	EndGlobalSection
EndGlobal
